
Microsoft Visual Studio Solution File, Format Version 12.00
# Visual Studio Version 16
VisualStudioVersion = 16.0.33214.272
MinimumVisualStudioVersion = 10.0.40219.1
Project("{FAE04EC0-301F-11D3-BF4B-00C04F79EFBC}") = "EcoleTLN", "EcoleTLN\EcoleTLN.csproj", "{3403394C-B3D6-44F3-ADB5-E905E8A64A93}"
EndProject
Global
	GlobalSection(SolutionConfigurationPlatforms) = preSolution
		Debug|Any CPU = Debug|Any CPU
		Release|Any CPU = Release|Any CPU
	EndGlobalSection
	GlobalSection(ProjectConfigurationPlatforms) = postSolution
		{3403394C-B3D6-44F3-ADB5-E905E8A64A93}.Debug|Any CPU.ActiveCfg = Debug|Any CPU
		{3403394C-B3D6-44F3-ADB5-E905E8A64A93}.Debug|Any CPU.Build.0 = Debug|Any CPU
		{3403394C-B3D6-44F3-ADB5-E905E8A64A93}.Release|Any CPU.ActiveCfg = Release|Any CPU
		{3403394C-B3D6-44F3-ADB5-E905E8A64A93}.Release|Any CPU.Build.0 = Release|Any CPU
	EndGlobalSection
	GlobalSection(SolutionProperties) = preSolution
		HideSolutionNode = FALSE
	EndGlobalSection
	GlobalSection(ExtensibilityGlobals) = postSolution
		SolutionGuid = {A3B53B3A-FD03-4E5C-A321-178387DA21B9}
	EndGlobalSection
EndGlobal
